
Microsoft Visual Studio Solution File, Format Version 11.00
# Visual Studio 2010
Project("{2150E333-8FDC-42A3-9474-1A3956D46DE8}") = "Runners", "Runners", "{CB10ADAF-FB42-457B-ADFE-7CF866C5DA6E}"
EndProject
Project("{2150E333-8FDC-42A3-9474-1A3956D46DE8}") = "Core", "Core", "{C17FACD1-2740-44B5-8E6E-B7FF0D54CA40}"
EndProject
Project("{2150E333-8FDC-42A3-9474-1A3956D46DE8}") = "Tests", "Tests", "{D264186F-3ED6-482D-8E1A-F41C2F83C711}"
EndProject
Project("{2150E333-8FDC-42A3-9474-1A3956D46DE8}") = "Solution Items", "Solution Items", "{64A04012-A9E7-4DE9-8927-DD1DD5E2523A}"
EndProject
Project("{FAE04EC0-301F-11D3-BF4B-00C04F79EFBC}") = "FluentMigrator.Runner", "src\FluentMigrator.Runner\FluentMigrator.Runner.csproj", "{CB468AD6-60C2-42E9-B3B0-01968EF94C65}"
EndProject
Project("{FAE04EC0-301F-11D3-BF4B-00C04F79EFBC}") = "FluentMigrator.Tests", "src\FluentMigrator.Tests\FluentMigrator.Tests.csproj", "{5DFD1A3B-7258-4C05-88F9-02A1EA3F5D9C}"
EndProject
Project("{FAE04EC0-301F-11D3-BF4B-00C04F79EFBC}") = "FluentMigrator", "src\FluentMigrator\FluentMigrator.csproj", "{FD9410F9-6FEA-47F7-A78E-B4F6FB0539B8}"
EndProject
Project("{FAE04EC0-301F-11D3-BF4B-00C04F79EFBC}") = "FluentMigrator.Console", "src\FluentMigrator.Console\FluentMigrator.Console.csproj", "{664C7334-B44B-4D62-A0F8-063805D630AA}"
EndProject
Project("{FAE04EC0-301F-11D3-BF4B-00C04F79EFBC}") = "FluentMigrator.NAnt", "src\FluentMigrator.NAnt\FluentMigrator.NAnt.csproj", "{C2B629E5-9394-48DA-A9E8-4999B398F37E}"
EndProject
Project("{FAE04EC0-301F-11D3-BF4B-00C04F79EFBC}") = "FluentMigrator.MSBuild", "src\FluentMigrator.MSBuild\FluentMigrator.MSBuild.csproj", "{97849F97-BD7D-453B-B0CF-6CD922BB1596}"
EndProject
Project("{2150E333-8FDC-42A3-9474-1A3956D46DE8}") = "SchemaDump", "SchemaDump", "{61F1CBE8-A3C1-4153-84E3-4CA3E0E23ACD}"
EndProject
Project("{FAE04EC0-301F-11D3-BF4B-00C04F79EFBC}") = "FluentMigrator.SchemaDump", "src\FluentMigrator.SchemaDump\FluentMigrator.SchemaDump.csproj", "{F81E3EAB-CD44-4B55-A0EC-16F05CB45413}"
EndProject
Project("{2150E333-8FDC-42A3-9474-1A3956D46DE8}") = "Contrib", "Contrib", "{0088DBCC-C3AE-45DC-88A8-DF1E6B5AC5BC}"
EndProject
Project("{FAE04EC0-301F-11D3-BF4B-00C04F79EFBC}") = "Huzutech.Migrations", "src\Huzutech.Migrations\Huzutech.Migrations.csproj", "{25B06926-C3C3-4387-967F-EDF7E4F43BAA}"
EndProject
Project("{FAE04EC0-301F-11D3-BF4B-00C04F79EFBC}") = "Huzutech.Tests", "src\Huzutech.Tests\Huzutech.Tests.csproj", "{BACB2AEA-B6C3-4115-B69A-C40A0D95FBD7}"
EndProject
Global
	GlobalSection(SolutionConfigurationPlatforms) = preSolution
		AutomatedRelease|Any CPU = AutomatedRelease|Any CPU
		AutomatedRelease|x86 = AutomatedRelease|x86
		Debug|Any CPU = Debug|Any CPU
		Debug|x86 = Debug|x86
		GfkDocs-Dev|Any CPU = GfkDocs-Dev|Any CPU
		GfkDocs-Dev|x86 = GfkDocs-Dev|x86
		GfkDocs-Live|Any CPU = GfkDocs-Live|Any CPU
		GfkDocs-Live|x86 = GfkDocs-Live|x86
		GfkDocs-Test|Any CPU = GfkDocs-Test|Any CPU
		GfkDocs-Test|x86 = GfkDocs-Test|x86
		HuzuTech-Dev|Any CPU = HuzuTech-Dev|Any CPU
		HuzuTech-Dev|x86 = HuzuTech-Dev|x86
		HuzuTech-Live|Any CPU = HuzuTech-Live|Any CPU
		HuzuTech-Live|x86 = HuzuTech-Live|x86
		OUP-Dev|Any CPU = OUP-Dev|Any CPU
		OUP-Dev|x86 = OUP-Dev|x86
		OUP-Test|Any CPU = OUP-Test|Any CPU
		OUP-Test|x86 = OUP-Test|x86
		Paperman-Dev|Any CPU = Paperman-Dev|Any CPU
		Paperman-Dev|x86 = Paperman-Dev|x86
		Release|Any CPU = Release|Any CPU
		Release|x86 = Release|x86
		Scholastic-Live|Any CPU = Scholastic-Live|Any CPU
		Scholastic-Live|x86 = Scholastic-Live|x86
		SmallPotatoes-Dev|Any CPU = SmallPotatoes-Dev|Any CPU
		SmallPotatoes-Dev|x86 = SmallPotatoes-Dev|x86
		SmallPotatoes-Test|Any CPU = SmallPotatoes-Test|Any CPU
		SmallPotatoes-Test|x86 = SmallPotatoes-Test|x86
	EndGlobalSection
	GlobalSection(ProjectConfigurationPlatforms) = postSolution
		{CB468AD6-60C2-42E9-B3B0-01968EF94C65}.AutomatedRelease|Any CPU.ActiveCfg = AutomatedRelease|Any CPU
		{CB468AD6-60C2-42E9-B3B0-01968EF94C65}.AutomatedRelease|Any CPU.Build.0 = AutomatedRelease|Any CPU
		{CB468AD6-60C2-42E9-B3B0-01968EF94C65}.AutomatedRelease|x86.ActiveCfg = AutomatedRelease|x86
		{CB468AD6-60C2-42E9-B3B0-01968EF94C65}.AutomatedRelease|x86.Build.0 = AutomatedRelease|x86
		{CB468AD6-60C2-42E9-B3B0-01968EF94C65}.Debug|Any CPU.ActiveCfg = Debug|Any CPU
		{CB468AD6-60C2-42E9-B3B0-01968EF94C65}.Debug|Any CPU.Build.0 = Debug|Any CPU
		{CB468AD6-60C2-42E9-B3B0-01968EF94C65}.Debug|x86.ActiveCfg = Debug|x86
		{CB468AD6-60C2-42E9-B3B0-01968EF94C65}.Debug|x86.Build.0 = Debug|x86
		{CB468AD6-60C2-42E9-B3B0-01968EF94C65}.GfkDocs-Dev|Any CPU.ActiveCfg = AutomatedRelease|x86
		{CB468AD6-60C2-42E9-B3B0-01968EF94C65}.GfkDocs-Dev|x86.ActiveCfg = AutomatedRelease|x86
		{CB468AD6-60C2-42E9-B3B0-01968EF94C65}.GfkDocs-Dev|x86.Build.0 = AutomatedRelease|x86
		{CB468AD6-60C2-42E9-B3B0-01968EF94C65}.GfkDocs-Live|Any CPU.ActiveCfg = AutomatedRelease|x86
		{CB468AD6-60C2-42E9-B3B0-01968EF94C65}.GfkDocs-Live|x86.ActiveCfg = AutomatedRelease|x86
		{CB468AD6-60C2-42E9-B3B0-01968EF94C65}.GfkDocs-Live|x86.Build.0 = AutomatedRelease|x86
		{CB468AD6-60C2-42E9-B3B0-01968EF94C65}.GfkDocs-Test|Any CPU.ActiveCfg = AutomatedRelease|x86
		{CB468AD6-60C2-42E9-B3B0-01968EF94C65}.GfkDocs-Test|x86.ActiveCfg = AutomatedRelease|x86
		{CB468AD6-60C2-42E9-B3B0-01968EF94C65}.GfkDocs-Test|x86.Build.0 = AutomatedRelease|x86
		{CB468AD6-60C2-42E9-B3B0-01968EF94C65}.HuzuTech-Dev|Any CPU.ActiveCfg = AutomatedRelease|x86
		{CB468AD6-60C2-42E9-B3B0-01968EF94C65}.HuzuTech-Dev|x86.ActiveCfg = AutomatedRelease|x86
		{CB468AD6-60C2-42E9-B3B0-01968EF94C65}.HuzuTech-Dev|x86.Build.0 = AutomatedRelease|x86
		{CB468AD6-60C2-42E9-B3B0-01968EF94C65}.HuzuTech-Live|Any CPU.ActiveCfg = AutomatedRelease|x86
		{CB468AD6-60C2-42E9-B3B0-01968EF94C65}.HuzuTech-Live|x86.ActiveCfg = AutomatedRelease|x86
		{CB468AD6-60C2-42E9-B3B0-01968EF94C65}.HuzuTech-Live|x86.Build.0 = AutomatedRelease|x86
		{CB468AD6-60C2-42E9-B3B0-01968EF94C65}.OUP-Dev|Any CPU.ActiveCfg = AutomatedRelease|x86
		{CB468AD6-60C2-42E9-B3B0-01968EF94C65}.OUP-Dev|x86.ActiveCfg = AutomatedRelease|x86
		{CB468AD6-60C2-42E9-B3B0-01968EF94C65}.OUP-Dev|x86.Build.0 = AutomatedRelease|x86
		{CB468AD6-60C2-42E9-B3B0-01968EF94C65}.OUP-Test|Any CPU.ActiveCfg = AutomatedRelease|x86
		{CB468AD6-60C2-42E9-B3B0-01968EF94C65}.OUP-Test|x86.ActiveCfg = AutomatedRelease|x86
		{CB468AD6-60C2-42E9-B3B0-01968EF94C65}.OUP-Test|x86.Build.0 = AutomatedRelease|x86
		{CB468AD6-60C2-42E9-B3B0-01968EF94C65}.Paperman-Dev|Any CPU.ActiveCfg = AutomatedRelease|x86
		{CB468AD6-60C2-42E9-B3B0-01968EF94C65}.Paperman-Dev|x86.ActiveCfg = AutomatedRelease|x86
		{CB468AD6-60C2-42E9-B3B0-01968EF94C65}.Paperman-Dev|x86.Build.0 = AutomatedRelease|x86
		{CB468AD6-60C2-42E9-B3B0-01968EF94C65}.Release|Any CPU.ActiveCfg = Release|Any CPU
		{CB468AD6-60C2-42E9-B3B0-01968EF94C65}.Release|Any CPU.Build.0 = Release|Any CPU
		{CB468AD6-60C2-42E9-B3B0-01968EF94C65}.Release|x86.ActiveCfg = Release|x86
		{CB468AD6-60C2-42E9-B3B0-01968EF94C65}.Release|x86.Build.0 = Release|x86
		{CB468AD6-60C2-42E9-B3B0-01968EF94C65}.Scholastic-Live|Any CPU.ActiveCfg = AutomatedRelease|x86
		{CB468AD6-60C2-42E9-B3B0-01968EF94C65}.Scholastic-Live|x86.ActiveCfg = AutomatedRelease|x86
		{CB468AD6-60C2-42E9-B3B0-01968EF94C65}.Scholastic-Live|x86.Build.0 = AutomatedRelease|x86
		{CB468AD6-60C2-42E9-B3B0-01968EF94C65}.SmallPotatoes-Dev|Any CPU.ActiveCfg = AutomatedRelease|x86
		{CB468AD6-60C2-42E9-B3B0-01968EF94C65}.SmallPotatoes-Dev|x86.ActiveCfg = AutomatedRelease|x86
		{CB468AD6-60C2-42E9-B3B0-01968EF94C65}.SmallPotatoes-Dev|x86.Build.0 = AutomatedRelease|x86
		{CB468AD6-60C2-42E9-B3B0-01968EF94C65}.SmallPotatoes-Test|Any CPU.ActiveCfg = AutomatedRelease|x86
		{CB468AD6-60C2-42E9-B3B0-01968EF94C65}.SmallPotatoes-Test|x86.ActiveCfg = AutomatedRelease|x86
		{CB468AD6-60C2-42E9-B3B0-01968EF94C65}.SmallPotatoes-Test|x86.Build.0 = AutomatedRelease|x86
		{5DFD1A3B-7258-4C05-88F9-02A1EA3F5D9C}.AutomatedRelease|Any CPU.ActiveCfg = AutomatedRelease|Any CPU
		{5DFD1A3B-7258-4C05-88F9-02A1EA3F5D9C}.AutomatedRelease|Any CPU.Build.0 = AutomatedRelease|Any CPU
		{5DFD1A3B-7258-4C05-88F9-02A1EA3F5D9C}.AutomatedRelease|x86.ActiveCfg = AutomatedRelease|x86
		{5DFD1A3B-7258-4C05-88F9-02A1EA3F5D9C}.AutomatedRelease|x86.Build.0 = AutomatedRelease|x86
		{5DFD1A3B-7258-4C05-88F9-02A1EA3F5D9C}.Debug|Any CPU.ActiveCfg = Debug|Any CPU
		{5DFD1A3B-7258-4C05-88F9-02A1EA3F5D9C}.Debug|Any CPU.Build.0 = Debug|Any CPU
		{5DFD1A3B-7258-4C05-88F9-02A1EA3F5D9C}.Debug|x86.ActiveCfg = Debug|x86
		{5DFD1A3B-7258-4C05-88F9-02A1EA3F5D9C}.Debug|x86.Build.0 = Debug|x86
		{5DFD1A3B-7258-4C05-88F9-02A1EA3F5D9C}.GfkDocs-Dev|Any CPU.ActiveCfg = AutomatedRelease|x86
		{5DFD1A3B-7258-4C05-88F9-02A1EA3F5D9C}.GfkDocs-Dev|x86.ActiveCfg = AutomatedRelease|x86
		{5DFD1A3B-7258-4C05-88F9-02A1EA3F5D9C}.GfkDocs-Dev|x86.Build.0 = AutomatedRelease|x86
		{5DFD1A3B-7258-4C05-88F9-02A1EA3F5D9C}.GfkDocs-Live|Any CPU.ActiveCfg = AutomatedRelease|x86
		{5DFD1A3B-7258-4C05-88F9-02A1EA3F5D9C}.GfkDocs-Live|x86.ActiveCfg = AutomatedRelease|x86
		{5DFD1A3B-7258-4C05-88F9-02A1EA3F5D9C}.GfkDocs-Live|x86.Build.0 = AutomatedRelease|x86
		{5DFD1A3B-7258-4C05-88F9-02A1EA3F5D9C}.GfkDocs-Test|Any CPU.ActiveCfg = AutomatedRelease|x86
		{5DFD1A3B-7258-4C05-88F9-02A1EA3F5D9C}.GfkDocs-Test|x86.ActiveCfg = AutomatedRelease|x86
		{5DFD1A3B-7258-4C05-88F9-02A1EA3F5D9C}.GfkDocs-Test|x86.Build.0 = AutomatedRelease|x86
		{5DFD1A3B-7258-4C05-88F9-02A1EA3F5D9C}.HuzuTech-Dev|Any CPU.ActiveCfg = AutomatedRelease|x86
		{5DFD1A3B-7258-4C05-88F9-02A1EA3F5D9C}.HuzuTech-Dev|x86.ActiveCfg = AutomatedRelease|x86
		{5DFD1A3B-7258-4C05-88F9-02A1EA3F5D9C}.HuzuTech-Dev|x86.Build.0 = AutomatedRelease|x86
		{5DFD1A3B-7258-4C05-88F9-02A1EA3F5D9C}.HuzuTech-Live|Any CPU.ActiveCfg = AutomatedRelease|x86
		{5DFD1A3B-7258-4C05-88F9-02A1EA3F5D9C}.HuzuTech-Live|x86.ActiveCfg = AutomatedRelease|x86
		{5DFD1A3B-7258-4C05-88F9-02A1EA3F5D9C}.HuzuTech-Live|x86.Build.0 = AutomatedRelease|x86
		{5DFD1A3B-7258-4C05-88F9-02A1EA3F5D9C}.OUP-Dev|Any CPU.ActiveCfg = AutomatedRelease|x86
		{5DFD1A3B-7258-4C05-88F9-02A1EA3F5D9C}.OUP-Dev|x86.ActiveCfg = AutomatedRelease|x86
		{5DFD1A3B-7258-4C05-88F9-02A1EA3F5D9C}.OUP-Dev|x86.Build.0 = AutomatedRelease|x86
		{5DFD1A3B-7258-4C05-88F9-02A1EA3F5D9C}.OUP-Test|Any CPU.ActiveCfg = AutomatedRelease|x86
		{5DFD1A3B-7258-4C05-88F9-02A1EA3F5D9C}.OUP-Test|x86.ActiveCfg = AutomatedRelease|x86
		{5DFD1A3B-7258-4C05-88F9-02A1EA3F5D9C}.OUP-Test|x86.Build.0 = AutomatedRelease|x86
		{5DFD1A3B-7258-4C05-88F9-02A1EA3F5D9C}.Paperman-Dev|Any CPU.ActiveCfg = AutomatedRelease|x86
		{5DFD1A3B-7258-4C05-88F9-02A1EA3F5D9C}.Paperman-Dev|x86.ActiveCfg = AutomatedRelease|x86
		{5DFD1A3B-7258-4C05-88F9-02A1EA3F5D9C}.Paperman-Dev|x86.Build.0 = AutomatedRelease|x86
		{5DFD1A3B-7258-4C05-88F9-02A1EA3F5D9C}.Release|Any CPU.ActiveCfg = Release|Any CPU
		{5DFD1A3B-7258-4C05-88F9-02A1EA3F5D9C}.Release|Any CPU.Build.0 = Release|Any CPU
		{5DFD1A3B-7258-4C05-88F9-02A1EA3F5D9C}.Release|x86.ActiveCfg = Release|x86
		{5DFD1A3B-7258-4C05-88F9-02A1EA3F5D9C}.Release|x86.Build.0 = Release|x86
		{5DFD1A3B-7258-4C05-88F9-02A1EA3F5D9C}.Scholastic-Live|Any CPU.ActiveCfg = AutomatedRelease|x86
		{5DFD1A3B-7258-4C05-88F9-02A1EA3F5D9C}.Scholastic-Live|x86.ActiveCfg = AutomatedRelease|x86
		{5DFD1A3B-7258-4C05-88F9-02A1EA3F5D9C}.Scholastic-Live|x86.Build.0 = AutomatedRelease|x86
		{5DFD1A3B-7258-4C05-88F9-02A1EA3F5D9C}.SmallPotatoes-Dev|Any CPU.ActiveCfg = AutomatedRelease|x86
		{5DFD1A3B-7258-4C05-88F9-02A1EA3F5D9C}.SmallPotatoes-Dev|x86.ActiveCfg = AutomatedRelease|x86
		{5DFD1A3B-7258-4C05-88F9-02A1EA3F5D9C}.SmallPotatoes-Dev|x86.Build.0 = AutomatedRelease|x86
		{5DFD1A3B-7258-4C05-88F9-02A1EA3F5D9C}.SmallPotatoes-Test|Any CPU.ActiveCfg = AutomatedRelease|x86
		{5DFD1A3B-7258-4C05-88F9-02A1EA3F5D9C}.SmallPotatoes-Test|x86.ActiveCfg = AutomatedRelease|x86
		{5DFD1A3B-7258-4C05-88F9-02A1EA3F5D9C}.SmallPotatoes-Test|x86.Build.0 = AutomatedRelease|x86
		{FD9410F9-6FEA-47F7-A78E-B4F6FB0539B8}.AutomatedRelease|Any CPU.ActiveCfg = AutomatedRelease|Any CPU
		{FD9410F9-6FEA-47F7-A78E-B4F6FB0539B8}.AutomatedRelease|Any CPU.Build.0 = AutomatedRelease|Any CPU
		{FD9410F9-6FEA-47F7-A78E-B4F6FB0539B8}.AutomatedRelease|x86.ActiveCfg = AutomatedRelease|x86
		{FD9410F9-6FEA-47F7-A78E-B4F6FB0539B8}.AutomatedRelease|x86.Build.0 = AutomatedRelease|x86
		{FD9410F9-6FEA-47F7-A78E-B4F6FB0539B8}.Debug|Any CPU.ActiveCfg = Debug|Any CPU
		{FD9410F9-6FEA-47F7-A78E-B4F6FB0539B8}.Debug|Any CPU.Build.0 = Debug|Any CPU
		{FD9410F9-6FEA-47F7-A78E-B4F6FB0539B8}.Debug|x86.ActiveCfg = Debug|x86
		{FD9410F9-6FEA-47F7-A78E-B4F6FB0539B8}.Debug|x86.Build.0 = Debug|x86
		{FD9410F9-6FEA-47F7-A78E-B4F6FB0539B8}.GfkDocs-Dev|Any CPU.ActiveCfg = AutomatedRelease|x86
		{FD9410F9-6FEA-47F7-A78E-B4F6FB0539B8}.GfkDocs-Dev|x86.ActiveCfg = AutomatedRelease|x86
		{FD9410F9-6FEA-47F7-A78E-B4F6FB0539B8}.GfkDocs-Dev|x86.Build.0 = AutomatedRelease|x86
		{FD9410F9-6FEA-47F7-A78E-B4F6FB0539B8}.GfkDocs-Live|Any CPU.ActiveCfg = AutomatedRelease|x86
		{FD9410F9-6FEA-47F7-A78E-B4F6FB0539B8}.GfkDocs-Live|x86.ActiveCfg = AutomatedRelease|x86
		{FD9410F9-6FEA-47F7-A78E-B4F6FB0539B8}.GfkDocs-Live|x86.Build.0 = AutomatedRelease|x86
		{FD9410F9-6FEA-47F7-A78E-B4F6FB0539B8}.GfkDocs-Test|Any CPU.ActiveCfg = AutomatedRelease|x86
		{FD9410F9-6FEA-47F7-A78E-B4F6FB0539B8}.GfkDocs-Test|x86.ActiveCfg = AutomatedRelease|x86
		{FD9410F9-6FEA-47F7-A78E-B4F6FB0539B8}.GfkDocs-Test|x86.Build.0 = AutomatedRelease|x86
		{FD9410F9-6FEA-47F7-A78E-B4F6FB0539B8}.HuzuTech-Dev|Any CPU.ActiveCfg = AutomatedRelease|x86
		{FD9410F9-6FEA-47F7-A78E-B4F6FB0539B8}.HuzuTech-Dev|x86.ActiveCfg = AutomatedRelease|x86
		{FD9410F9-6FEA-47F7-A78E-B4F6FB0539B8}.HuzuTech-Dev|x86.Build.0 = AutomatedRelease|x86
		{FD9410F9-6FEA-47F7-A78E-B4F6FB0539B8}.HuzuTech-Live|Any CPU.ActiveCfg = AutomatedRelease|x86
		{FD9410F9-6FEA-47F7-A78E-B4F6FB0539B8}.HuzuTech-Live|x86.ActiveCfg = AutomatedRelease|x86
		{FD9410F9-6FEA-47F7-A78E-B4F6FB0539B8}.HuzuTech-Live|x86.Build.0 = AutomatedRelease|x86
		{FD9410F9-6FEA-47F7-A78E-B4F6FB0539B8}.OUP-Dev|Any CPU.ActiveCfg = AutomatedRelease|x86
		{FD9410F9-6FEA-47F7-A78E-B4F6FB0539B8}.OUP-Dev|x86.ActiveCfg = AutomatedRelease|x86
		{FD9410F9-6FEA-47F7-A78E-B4F6FB0539B8}.OUP-Dev|x86.Build.0 = AutomatedRelease|x86
		{FD9410F9-6FEA-47F7-A78E-B4F6FB0539B8}.OUP-Test|Any CPU.ActiveCfg = AutomatedRelease|x86
		{FD9410F9-6FEA-47F7-A78E-B4F6FB0539B8}.OUP-Test|x86.ActiveCfg = AutomatedRelease|x86
		{FD9410F9-6FEA-47F7-A78E-B4F6FB0539B8}.OUP-Test|x86.Build.0 = AutomatedRelease|x86
		{FD9410F9-6FEA-47F7-A78E-B4F6FB0539B8}.Paperman-Dev|Any CPU.ActiveCfg = AutomatedRelease|x86
		{FD9410F9-6FEA-47F7-A78E-B4F6FB0539B8}.Paperman-Dev|x86.ActiveCfg = AutomatedRelease|x86
		{FD9410F9-6FEA-47F7-A78E-B4F6FB0539B8}.Paperman-Dev|x86.Build.0 = AutomatedRelease|x86
		{FD9410F9-6FEA-47F7-A78E-B4F6FB0539B8}.Release|Any CPU.ActiveCfg = Release|Any CPU
		{FD9410F9-6FEA-47F7-A78E-B4F6FB0539B8}.Release|Any CPU.Build.0 = Release|Any CPU
		{FD9410F9-6FEA-47F7-A78E-B4F6FB0539B8}.Release|x86.ActiveCfg = Release|x86
		{FD9410F9-6FEA-47F7-A78E-B4F6FB0539B8}.Release|x86.Build.0 = Release|x86
		{FD9410F9-6FEA-47F7-A78E-B4F6FB0539B8}.Scholastic-Live|Any CPU.ActiveCfg = AutomatedRelease|x86
		{FD9410F9-6FEA-47F7-A78E-B4F6FB0539B8}.Scholastic-Live|x86.ActiveCfg = AutomatedRelease|x86
		{FD9410F9-6FEA-47F7-A78E-B4F6FB0539B8}.Scholastic-Live|x86.Build.0 = AutomatedRelease|x86
		{FD9410F9-6FEA-47F7-A78E-B4F6FB0539B8}.SmallPotatoes-Dev|Any CPU.ActiveCfg = AutomatedRelease|x86
		{FD9410F9-6FEA-47F7-A78E-B4F6FB0539B8}.SmallPotatoes-Dev|x86.ActiveCfg = AutomatedRelease|x86
		{FD9410F9-6FEA-47F7-A78E-B4F6FB0539B8}.SmallPotatoes-Dev|x86.Build.0 = AutomatedRelease|x86
		{FD9410F9-6FEA-47F7-A78E-B4F6FB0539B8}.SmallPotatoes-Test|Any CPU.ActiveCfg = AutomatedRelease|x86
		{FD9410F9-6FEA-47F7-A78E-B4F6FB0539B8}.SmallPotatoes-Test|x86.ActiveCfg = AutomatedRelease|x86
		{FD9410F9-6FEA-47F7-A78E-B4F6FB0539B8}.SmallPotatoes-Test|x86.Build.0 = AutomatedRelease|x86
		{664C7334-B44B-4D62-A0F8-063805D630AA}.AutomatedRelease|Any CPU.ActiveCfg = AutomatedRelease|Any CPU
		{664C7334-B44B-4D62-A0F8-063805D630AA}.AutomatedRelease|Any CPU.Build.0 = AutomatedRelease|Any CPU
		{664C7334-B44B-4D62-A0F8-063805D630AA}.AutomatedRelease|x86.ActiveCfg = Release|x86
		{664C7334-B44B-4D62-A0F8-063805D630AA}.AutomatedRelease|x86.Build.0 = Release|x86
		{664C7334-B44B-4D62-A0F8-063805D630AA}.Debug|Any CPU.ActiveCfg = Debug|x86
		{664C7334-B44B-4D62-A0F8-063805D630AA}.Debug|Any CPU.Build.0 = Debug|x86
		{664C7334-B44B-4D62-A0F8-063805D630AA}.Debug|x86.ActiveCfg = Debug|x86
		{664C7334-B44B-4D62-A0F8-063805D630AA}.Debug|x86.Build.0 = Debug|x86
		{664C7334-B44B-4D62-A0F8-063805D630AA}.GfkDocs-Dev|Any CPU.ActiveCfg = AutomatedRelease|x86
		{664C7334-B44B-4D62-A0F8-063805D630AA}.GfkDocs-Dev|x86.ActiveCfg = AutomatedRelease|x86
		{664C7334-B44B-4D62-A0F8-063805D630AA}.GfkDocs-Dev|x86.Build.0 = AutomatedRelease|x86
		{664C7334-B44B-4D62-A0F8-063805D630AA}.GfkDocs-Live|Any CPU.ActiveCfg = AutomatedRelease|x86
		{664C7334-B44B-4D62-A0F8-063805D630AA}.GfkDocs-Live|x86.ActiveCfg = AutomatedRelease|x86
		{664C7334-B44B-4D62-A0F8-063805D630AA}.GfkDocs-Live|x86.Build.0 = AutomatedRelease|x86
		{664C7334-B44B-4D62-A0F8-063805D630AA}.GfkDocs-Test|Any CPU.ActiveCfg = AutomatedRelease|x86
		{664C7334-B44B-4D62-A0F8-063805D630AA}.GfkDocs-Test|x86.ActiveCfg = AutomatedRelease|x86
		{664C7334-B44B-4D62-A0F8-063805D630AA}.GfkDocs-Test|x86.Build.0 = AutomatedRelease|x86
		{664C7334-B44B-4D62-A0F8-063805D630AA}.HuzuTech-Dev|Any CPU.ActiveCfg = AutomatedRelease|x86
		{664C7334-B44B-4D62-A0F8-063805D630AA}.HuzuTech-Dev|x86.ActiveCfg = AutomatedRelease|x86
		{664C7334-B44B-4D62-A0F8-063805D630AA}.HuzuTech-Dev|x86.Build.0 = AutomatedRelease|x86
		{664C7334-B44B-4D62-A0F8-063805D630AA}.HuzuTech-Live|Any CPU.ActiveCfg = AutomatedRelease|x86
		{664C7334-B44B-4D62-A0F8-063805D630AA}.HuzuTech-Live|x86.ActiveCfg = AutomatedRelease|x86
		{664C7334-B44B-4D62-A0F8-063805D630AA}.HuzuTech-Live|x86.Build.0 = AutomatedRelease|x86
		{664C7334-B44B-4D62-A0F8-063805D630AA}.OUP-Dev|Any CPU.ActiveCfg = AutomatedRelease|x86
		{664C7334-B44B-4D62-A0F8-063805D630AA}.OUP-Dev|x86.ActiveCfg = AutomatedRelease|x86
		{664C7334-B44B-4D62-A0F8-063805D630AA}.OUP-Dev|x86.Build.0 = AutomatedRelease|x86
		{664C7334-B44B-4D62-A0F8-063805D630AA}.OUP-Test|Any CPU.ActiveCfg = AutomatedRelease|x86
		{664C7334-B44B-4D62-A0F8-063805D630AA}.OUP-Test|x86.ActiveCfg = AutomatedRelease|x86
		{664C7334-B44B-4D62-A0F8-063805D630AA}.OUP-Test|x86.Build.0 = AutomatedRelease|x86
		{664C7334-B44B-4D62-A0F8-063805D630AA}.Paperman-Dev|Any CPU.ActiveCfg = AutomatedRelease|x86
		{664C7334-B44B-4D62-A0F8-063805D630AA}.Paperman-Dev|x86.ActiveCfg = AutomatedRelease|x86
		{664C7334-B44B-4D62-A0F8-063805D630AA}.Paperman-Dev|x86.Build.0 = AutomatedRelease|x86
		{664C7334-B44B-4D62-A0F8-063805D630AA}.Release|Any CPU.ActiveCfg = Release|Any CPU
		{664C7334-B44B-4D62-A0F8-063805D630AA}.Release|Any CPU.Build.0 = Release|Any CPU
		{664C7334-B44B-4D62-A0F8-063805D630AA}.Release|x86.ActiveCfg = Release|x86
		{664C7334-B44B-4D62-A0F8-063805D630AA}.Release|x86.Build.0 = Release|x86
		{664C7334-B44B-4D62-A0F8-063805D630AA}.Scholastic-Live|Any CPU.ActiveCfg = AutomatedRelease|x86
		{664C7334-B44B-4D62-A0F8-063805D630AA}.Scholastic-Live|x86.ActiveCfg = AutomatedRelease|x86
		{664C7334-B44B-4D62-A0F8-063805D630AA}.Scholastic-Live|x86.Build.0 = AutomatedRelease|x86
		{664C7334-B44B-4D62-A0F8-063805D630AA}.SmallPotatoes-Dev|Any CPU.ActiveCfg = AutomatedRelease|x86
		{664C7334-B44B-4D62-A0F8-063805D630AA}.SmallPotatoes-Dev|x86.ActiveCfg = AutomatedRelease|x86
		{664C7334-B44B-4D62-A0F8-063805D630AA}.SmallPotatoes-Dev|x86.Build.0 = AutomatedRelease|x86
		{664C7334-B44B-4D62-A0F8-063805D630AA}.SmallPotatoes-Test|Any CPU.ActiveCfg = AutomatedRelease|x86
		{664C7334-B44B-4D62-A0F8-063805D630AA}.SmallPotatoes-Test|x86.ActiveCfg = AutomatedRelease|x86
		{664C7334-B44B-4D62-A0F8-063805D630AA}.SmallPotatoes-Test|x86.Build.0 = AutomatedRelease|x86
		{C2B629E5-9394-48DA-A9E8-4999B398F37E}.AutomatedRelease|Any CPU.ActiveCfg = AutomatedRelease|Any CPU
		{C2B629E5-9394-48DA-A9E8-4999B398F37E}.AutomatedRelease|Any CPU.Build.0 = AutomatedRelease|Any CPU
		{C2B629E5-9394-48DA-A9E8-4999B398F37E}.AutomatedRelease|x86.ActiveCfg = Release|Any CPU
		{C2B629E5-9394-48DA-A9E8-4999B398F37E}.Debug|Any CPU.ActiveCfg = Debug|Any CPU
		{C2B629E5-9394-48DA-A9E8-4999B398F37E}.Debug|Any CPU.Build.0 = Debug|Any CPU
		{C2B629E5-9394-48DA-A9E8-4999B398F37E}.Debug|x86.ActiveCfg = Debug|Any CPU
		{C2B629E5-9394-48DA-A9E8-4999B398F37E}.GfkDocs-Dev|Any CPU.ActiveCfg = AutomatedRelease|Any CPU
		{C2B629E5-9394-48DA-A9E8-4999B398F37E}.GfkDocs-Dev|Any CPU.Build.0 = AutomatedRelease|Any CPU
		{C2B629E5-9394-48DA-A9E8-4999B398F37E}.GfkDocs-Dev|x86.ActiveCfg = AutomatedRelease|Any CPU
		{C2B629E5-9394-48DA-A9E8-4999B398F37E}.GfkDocs-Live|Any CPU.ActiveCfg = AutomatedRelease|Any CPU
		{C2B629E5-9394-48DA-A9E8-4999B398F37E}.GfkDocs-Live|Any CPU.Build.0 = AutomatedRelease|Any CPU
		{C2B629E5-9394-48DA-A9E8-4999B398F37E}.GfkDocs-Live|x86.ActiveCfg = AutomatedRelease|Any CPU
		{C2B629E5-9394-48DA-A9E8-4999B398F37E}.GfkDocs-Test|Any CPU.ActiveCfg = AutomatedRelease|Any CPU
		{C2B629E5-9394-48DA-A9E8-4999B398F37E}.GfkDocs-Test|Any CPU.Build.0 = AutomatedRelease|Any CPU
		{C2B629E5-9394-48DA-A9E8-4999B398F37E}.GfkDocs-Test|x86.ActiveCfg = AutomatedRelease|Any CPU
		{C2B629E5-9394-48DA-A9E8-4999B398F37E}.HuzuTech-Dev|Any CPU.ActiveCfg = AutomatedRelease|Any CPU
		{C2B629E5-9394-48DA-A9E8-4999B398F37E}.HuzuTech-Dev|Any CPU.Build.0 = AutomatedRelease|Any CPU
		{C2B629E5-9394-48DA-A9E8-4999B398F37E}.HuzuTech-Dev|x86.ActiveCfg = AutomatedRelease|Any CPU
		{C2B629E5-9394-48DA-A9E8-4999B398F37E}.HuzuTech-Live|Any CPU.ActiveCfg = AutomatedRelease|Any CPU
		{C2B629E5-9394-48DA-A9E8-4999B398F37E}.HuzuTech-Live|Any CPU.Build.0 = AutomatedRelease|Any CPU
		{C2B629E5-9394-48DA-A9E8-4999B398F37E}.HuzuTech-Live|x86.ActiveCfg = AutomatedRelease|Any CPU
		{C2B629E5-9394-48DA-A9E8-4999B398F37E}.OUP-Dev|Any CPU.ActiveCfg = AutomatedRelease|Any CPU
		{C2B629E5-9394-48DA-A9E8-4999B398F37E}.OUP-Dev|Any CPU.Build.0 = AutomatedRelease|Any CPU
		{C2B629E5-9394-48DA-A9E8-4999B398F37E}.OUP-Dev|x86.ActiveCfg = AutomatedRelease|Any CPU
		{C2B629E5-9394-48DA-A9E8-4999B398F37E}.OUP-Test|Any CPU.ActiveCfg = AutomatedRelease|Any CPU
		{C2B629E5-9394-48DA-A9E8-4999B398F37E}.OUP-Test|Any CPU.Build.0 = AutomatedRelease|Any CPU
		{C2B629E5-9394-48DA-A9E8-4999B398F37E}.OUP-Test|x86.ActiveCfg = AutomatedRelease|Any CPU
		{C2B629E5-9394-48DA-A9E8-4999B398F37E}.Paperman-Dev|Any CPU.ActiveCfg = AutomatedRelease|Any CPU
		{C2B629E5-9394-48DA-A9E8-4999B398F37E}.Paperman-Dev|Any CPU.Build.0 = AutomatedRelease|Any CPU
		{C2B629E5-9394-48DA-A9E8-4999B398F37E}.Paperman-Dev|x86.ActiveCfg = AutomatedRelease|Any CPU
		{C2B629E5-9394-48DA-A9E8-4999B398F37E}.Release|Any CPU.ActiveCfg = Release|Any CPU
		{C2B629E5-9394-48DA-A9E8-4999B398F37E}.Release|Any CPU.Build.0 = Release|Any CPU
		{C2B629E5-9394-48DA-A9E8-4999B398F37E}.Release|x86.ActiveCfg = Release|Any CPU
		{C2B629E5-9394-48DA-A9E8-4999B398F37E}.Scholastic-Live|Any CPU.ActiveCfg = AutomatedRelease|Any CPU
		{C2B629E5-9394-48DA-A9E8-4999B398F37E}.Scholastic-Live|Any CPU.Build.0 = AutomatedRelease|Any CPU
		{C2B629E5-9394-48DA-A9E8-4999B398F37E}.Scholastic-Live|x86.ActiveCfg = AutomatedRelease|Any CPU
		{C2B629E5-9394-48DA-A9E8-4999B398F37E}.SmallPotatoes-Dev|Any CPU.ActiveCfg = AutomatedRelease|Any CPU
		{C2B629E5-9394-48DA-A9E8-4999B398F37E}.SmallPotatoes-Dev|Any CPU.Build.0 = AutomatedRelease|Any CPU
		{C2B629E5-9394-48DA-A9E8-4999B398F37E}.SmallPotatoes-Dev|x86.ActiveCfg = AutomatedRelease|Any CPU
		{C2B629E5-9394-48DA-A9E8-4999B398F37E}.SmallPotatoes-Test|Any CPU.ActiveCfg = AutomatedRelease|Any CPU
		{C2B629E5-9394-48DA-A9E8-4999B398F37E}.SmallPotatoes-Test|Any CPU.Build.0 = AutomatedRelease|Any CPU
		{C2B629E5-9394-48DA-A9E8-4999B398F37E}.SmallPotatoes-Test|x86.ActiveCfg = AutomatedRelease|Any CPU
		{97849F97-BD7D-453B-B0CF-6CD922BB1596}.AutomatedRelease|Any CPU.ActiveCfg = AutomatedRelease|Any CPU
		{97849F97-BD7D-453B-B0CF-6CD922BB1596}.AutomatedRelease|Any CPU.Build.0 = AutomatedRelease|Any CPU
		{97849F97-BD7D-453B-B0CF-6CD922BB1596}.AutomatedRelease|x86.ActiveCfg = AutomatedRelease|Any CPU
		{97849F97-BD7D-453B-B0CF-6CD922BB1596}.Debug|Any CPU.ActiveCfg = Debug|Any CPU
		{97849F97-BD7D-453B-B0CF-6CD922BB1596}.Debug|Any CPU.Build.0 = Debug|Any CPU
		{97849F97-BD7D-453B-B0CF-6CD922BB1596}.Debug|x86.ActiveCfg = Debug|Any CPU
		{97849F97-BD7D-453B-B0CF-6CD922BB1596}.GfkDocs-Dev|Any CPU.ActiveCfg = AutomatedRelease|Any CPU
		{97849F97-BD7D-453B-B0CF-6CD922BB1596}.GfkDocs-Dev|Any CPU.Build.0 = AutomatedRelease|Any CPU
		{97849F97-BD7D-453B-B0CF-6CD922BB1596}.GfkDocs-Dev|x86.ActiveCfg = AutomatedRelease|Any CPU
		{97849F97-BD7D-453B-B0CF-6CD922BB1596}.GfkDocs-Live|Any CPU.ActiveCfg = AutomatedRelease|Any CPU
		{97849F97-BD7D-453B-B0CF-6CD922BB1596}.GfkDocs-Live|Any CPU.Build.0 = AutomatedRelease|Any CPU
		{97849F97-BD7D-453B-B0CF-6CD922BB1596}.GfkDocs-Live|x86.ActiveCfg = AutomatedRelease|Any CPU
		{97849F97-BD7D-453B-B0CF-6CD922BB1596}.GfkDocs-Test|Any CPU.ActiveCfg = AutomatedRelease|Any CPU
		{97849F97-BD7D-453B-B0CF-6CD922BB1596}.GfkDocs-Test|Any CPU.Build.0 = AutomatedRelease|Any CPU
		{97849F97-BD7D-453B-B0CF-6CD922BB1596}.GfkDocs-Test|x86.ActiveCfg = AutomatedRelease|Any CPU
		{97849F97-BD7D-453B-B0CF-6CD922BB1596}.HuzuTech-Dev|Any CPU.ActiveCfg = AutomatedRelease|Any CPU
		{97849F97-BD7D-453B-B0CF-6CD922BB1596}.HuzuTech-Dev|Any CPU.Build.0 = AutomatedRelease|Any CPU
		{97849F97-BD7D-453B-B0CF-6CD922BB1596}.HuzuTech-Dev|x86.ActiveCfg = AutomatedRelease|Any CPU
		{97849F97-BD7D-453B-B0CF-6CD922BB1596}.HuzuTech-Live|Any CPU.ActiveCfg = AutomatedRelease|Any CPU
		{97849F97-BD7D-453B-B0CF-6CD922BB1596}.HuzuTech-Live|Any CPU.Build.0 = AutomatedRelease|Any CPU
		{97849F97-BD7D-453B-B0CF-6CD922BB1596}.HuzuTech-Live|x86.ActiveCfg = AutomatedRelease|Any CPU
		{97849F97-BD7D-453B-B0CF-6CD922BB1596}.OUP-Dev|Any CPU.ActiveCfg = AutomatedRelease|Any CPU
		{97849F97-BD7D-453B-B0CF-6CD922BB1596}.OUP-Dev|Any CPU.Build.0 = AutomatedRelease|Any CPU
		{97849F97-BD7D-453B-B0CF-6CD922BB1596}.OUP-Dev|x86.ActiveCfg = AutomatedRelease|Any CPU
		{97849F97-BD7D-453B-B0CF-6CD922BB1596}.OUP-Test|Any CPU.ActiveCfg = AutomatedRelease|Any CPU
		{97849F97-BD7D-453B-B0CF-6CD922BB1596}.OUP-Test|Any CPU.Build.0 = AutomatedRelease|Any CPU
		{97849F97-BD7D-453B-B0CF-6CD922BB1596}.OUP-Test|x86.ActiveCfg = AutomatedRelease|Any CPU
		{97849F97-BD7D-453B-B0CF-6CD922BB1596}.Paperman-Dev|Any CPU.ActiveCfg = AutomatedRelease|Any CPU
		{97849F97-BD7D-453B-B0CF-6CD922BB1596}.Paperman-Dev|Any CPU.Build.0 = AutomatedRelease|Any CPU
		{97849F97-BD7D-453B-B0CF-6CD922BB1596}.Paperman-Dev|x86.ActiveCfg = AutomatedRelease|Any CPU
		{97849F97-BD7D-453B-B0CF-6CD922BB1596}.Release|Any CPU.ActiveCfg = Release|Any CPU
		{97849F97-BD7D-453B-B0CF-6CD922BB1596}.Release|Any CPU.Build.0 = Release|Any CPU
		{97849F97-BD7D-453B-B0CF-6CD922BB1596}.Release|x86.ActiveCfg = Release|Any CPU
		{97849F97-BD7D-453B-B0CF-6CD922BB1596}.Scholastic-Live|Any CPU.ActiveCfg = AutomatedRelease|Any CPU
		{97849F97-BD7D-453B-B0CF-6CD922BB1596}.Scholastic-Live|Any CPU.Build.0 = AutomatedRelease|Any CPU
		{97849F97-BD7D-453B-B0CF-6CD922BB1596}.Scholastic-Live|x86.ActiveCfg = AutomatedRelease|Any CPU
		{97849F97-BD7D-453B-B0CF-6CD922BB1596}.SmallPotatoes-Dev|Any CPU.ActiveCfg = AutomatedRelease|Any CPU
		{97849F97-BD7D-453B-B0CF-6CD922BB1596}.SmallPotatoes-Dev|Any CPU.Build.0 = AutomatedRelease|Any CPU
		{97849F97-BD7D-453B-B0CF-6CD922BB1596}.SmallPotatoes-Dev|x86.ActiveCfg = AutomatedRelease|Any CPU
		{97849F97-BD7D-453B-B0CF-6CD922BB1596}.SmallPotatoes-Test|Any CPU.ActiveCfg = AutomatedRelease|Any CPU
		{97849F97-BD7D-453B-B0CF-6CD922BB1596}.SmallPotatoes-Test|Any CPU.Build.0 = AutomatedRelease|Any CPU
		{97849F97-BD7D-453B-B0CF-6CD922BB1596}.SmallPotatoes-Test|x86.ActiveCfg = AutomatedRelease|Any CPU
		{F81E3EAB-CD44-4B55-A0EC-16F05CB45413}.AutomatedRelease|Any CPU.ActiveCfg = Release|Any CPU
		{F81E3EAB-CD44-4B55-A0EC-16F05CB45413}.AutomatedRelease|Any CPU.Build.0 = Release|Any CPU
		{F81E3EAB-CD44-4B55-A0EC-16F05CB45413}.AutomatedRelease|x86.ActiveCfg = Release|Any CPU
		{F81E3EAB-CD44-4B55-A0EC-16F05CB45413}.Debug|Any CPU.ActiveCfg = Debug|Any CPU
		{F81E3EAB-CD44-4B55-A0EC-16F05CB45413}.Debug|Any CPU.Build.0 = Debug|Any CPU
		{F81E3EAB-CD44-4B55-A0EC-16F05CB45413}.Debug|x86.ActiveCfg = Debug|Any CPU
		{F81E3EAB-CD44-4B55-A0EC-16F05CB45413}.GfkDocs-Dev|Any CPU.ActiveCfg = Release|Any CPU
		{F81E3EAB-CD44-4B55-A0EC-16F05CB45413}.GfkDocs-Dev|Any CPU.Build.0 = Release|Any CPU
		{F81E3EAB-CD44-4B55-A0EC-16F05CB45413}.GfkDocs-Dev|x86.ActiveCfg = Release|Any CPU
		{F81E3EAB-CD44-4B55-A0EC-16F05CB45413}.GfkDocs-Live|Any CPU.ActiveCfg = Release|Any CPU
		{F81E3EAB-CD44-4B55-A0EC-16F05CB45413}.GfkDocs-Live|Any CPU.Build.0 = Release|Any CPU
		{F81E3EAB-CD44-4B55-A0EC-16F05CB45413}.GfkDocs-Live|x86.ActiveCfg = Release|Any CPU
		{F81E3EAB-CD44-4B55-A0EC-16F05CB45413}.GfkDocs-Test|Any CPU.ActiveCfg = Release|Any CPU
		{F81E3EAB-CD44-4B55-A0EC-16F05CB45413}.GfkDocs-Test|Any CPU.Build.0 = Release|Any CPU
		{F81E3EAB-CD44-4B55-A0EC-16F05CB45413}.GfkDocs-Test|x86.ActiveCfg = Release|Any CPU
		{F81E3EAB-CD44-4B55-A0EC-16F05CB45413}.HuzuTech-Dev|Any CPU.ActiveCfg = Release|Any CPU
		{F81E3EAB-CD44-4B55-A0EC-16F05CB45413}.HuzuTech-Dev|Any CPU.Build.0 = Release|Any CPU
		{F81E3EAB-CD44-4B55-A0EC-16F05CB45413}.HuzuTech-Dev|x86.ActiveCfg = Release|Any CPU
		{F81E3EAB-CD44-4B55-A0EC-16F05CB45413}.HuzuTech-Live|Any CPU.ActiveCfg = Release|Any CPU
		{F81E3EAB-CD44-4B55-A0EC-16F05CB45413}.HuzuTech-Live|Any CPU.Build.0 = Release|Any CPU
		{F81E3EAB-CD44-4B55-A0EC-16F05CB45413}.HuzuTech-Live|x86.ActiveCfg = Release|Any CPU
		{F81E3EAB-CD44-4B55-A0EC-16F05CB45413}.OUP-Dev|Any CPU.ActiveCfg = Release|Any CPU
		{F81E3EAB-CD44-4B55-A0EC-16F05CB45413}.OUP-Dev|Any CPU.Build.0 = Release|Any CPU
		{F81E3EAB-CD44-4B55-A0EC-16F05CB45413}.OUP-Dev|x86.ActiveCfg = Release|Any CPU
		{F81E3EAB-CD44-4B55-A0EC-16F05CB45413}.OUP-Test|Any CPU.ActiveCfg = Release|Any CPU
		{F81E3EAB-CD44-4B55-A0EC-16F05CB45413}.OUP-Test|Any CPU.Build.0 = Release|Any CPU
		{F81E3EAB-CD44-4B55-A0EC-16F05CB45413}.OUP-Test|x86.ActiveCfg = Release|Any CPU
		{F81E3EAB-CD44-4B55-A0EC-16F05CB45413}.Paperman-Dev|Any CPU.ActiveCfg = Release|Any CPU
		{F81E3EAB-CD44-4B55-A0EC-16F05CB45413}.Paperman-Dev|Any CPU.Build.0 = Release|Any CPU
		{F81E3EAB-CD44-4B55-A0EC-16F05CB45413}.Paperman-Dev|x86.ActiveCfg = Release|Any CPU
		{F81E3EAB-CD44-4B55-A0EC-16F05CB45413}.Release|Any CPU.ActiveCfg = Release|Any CPU
		{F81E3EAB-CD44-4B55-A0EC-16F05CB45413}.Release|Any CPU.Build.0 = Release|Any CPU
		{F81E3EAB-CD44-4B55-A0EC-16F05CB45413}.Release|x86.ActiveCfg = Release|Any CPU
		{F81E3EAB-CD44-4B55-A0EC-16F05CB45413}.Scholastic-Live|Any CPU.ActiveCfg = Release|Any CPU
		{F81E3EAB-CD44-4B55-A0EC-16F05CB45413}.Scholastic-Live|Any CPU.Build.0 = Release|Any CPU
		{F81E3EAB-CD44-4B55-A0EC-16F05CB45413}.Scholastic-Live|x86.ActiveCfg = Release|Any CPU
		{F81E3EAB-CD44-4B55-A0EC-16F05CB45413}.SmallPotatoes-Dev|Any CPU.ActiveCfg = Release|Any CPU
		{F81E3EAB-CD44-4B55-A0EC-16F05CB45413}.SmallPotatoes-Dev|Any CPU.Build.0 = Release|Any CPU
		{F81E3EAB-CD44-4B55-A0EC-16F05CB45413}.SmallPotatoes-Dev|x86.ActiveCfg = Release|Any CPU
		{F81E3EAB-CD44-4B55-A0EC-16F05CB45413}.SmallPotatoes-Test|Any CPU.ActiveCfg = Release|Any CPU
		{F81E3EAB-CD44-4B55-A0EC-16F05CB45413}.SmallPotatoes-Test|Any CPU.Build.0 = Release|Any CPU
		{F81E3EAB-CD44-4B55-A0EC-16F05CB45413}.SmallPotatoes-Test|x86.ActiveCfg = Release|Any CPU
		{25B06926-C3C3-4387-967F-EDF7E4F43BAA}.AutomatedRelease|Any CPU.ActiveCfg = Release|Any CPU
		{25B06926-C3C3-4387-967F-EDF7E4F43BAA}.AutomatedRelease|Any CPU.Build.0 = Release|Any CPU
		{25B06926-C3C3-4387-967F-EDF7E4F43BAA}.AutomatedRelease|x86.ActiveCfg = Release|Any CPU
		{25B06926-C3C3-4387-967F-EDF7E4F43BAA}.Debug|Any CPU.ActiveCfg = Debug|Any CPU
		{25B06926-C3C3-4387-967F-EDF7E4F43BAA}.Debug|Any CPU.Build.0 = Debug|Any CPU
		{25B06926-C3C3-4387-967F-EDF7E4F43BAA}.Debug|x86.ActiveCfg = Debug|Any CPU
		{25B06926-C3C3-4387-967F-EDF7E4F43BAA}.GfkDocs-Dev|Any CPU.ActiveCfg = GfkDocs-Dev|Any CPU
		{25B06926-C3C3-4387-967F-EDF7E4F43BAA}.GfkDocs-Dev|Any CPU.Build.0 = GfkDocs-Dev|Any CPU
		{25B06926-C3C3-4387-967F-EDF7E4F43BAA}.GfkDocs-Dev|x86.ActiveCfg = GfkDocs-Dev|Any CPU
		{25B06926-C3C3-4387-967F-EDF7E4F43BAA}.GfkDocs-Live|Any CPU.ActiveCfg = GfkDocs-Live|Any CPU
		{25B06926-C3C3-4387-967F-EDF7E4F43BAA}.GfkDocs-Live|Any CPU.Build.0 = GfkDocs-Live|Any CPU
		{25B06926-C3C3-4387-967F-EDF7E4F43BAA}.GfkDocs-Live|x86.ActiveCfg = GfkDocs-Live|Any CPU
		{25B06926-C3C3-4387-967F-EDF7E4F43BAA}.GfkDocs-Test|Any CPU.ActiveCfg = GfkDocs-Test|Any CPU
		{25B06926-C3C3-4387-967F-EDF7E4F43BAA}.GfkDocs-Test|Any CPU.Build.0 = GfkDocs-Test|Any CPU
		{25B06926-C3C3-4387-967F-EDF7E4F43BAA}.GfkDocs-Test|x86.ActiveCfg = GfkDocs-Test|Any CPU
		{25B06926-C3C3-4387-967F-EDF7E4F43BAA}.HuzuTech-Dev|Any CPU.ActiveCfg = HuzuTech-Dev|Any CPU
		{25B06926-C3C3-4387-967F-EDF7E4F43BAA}.HuzuTech-Dev|Any CPU.Build.0 = HuzuTech-Dev|Any CPU
		{25B06926-C3C3-4387-967F-EDF7E4F43BAA}.HuzuTech-Dev|x86.ActiveCfg = HuzuTech-Dev|Any CPU
		{25B06926-C3C3-4387-967F-EDF7E4F43BAA}.HuzuTech-Live|Any CPU.ActiveCfg = HuzuTech-Live|Any CPU
		{25B06926-C3C3-4387-967F-EDF7E4F43BAA}.HuzuTech-Live|Any CPU.Build.0 = HuzuTech-Live|Any CPU
		{25B06926-C3C3-4387-967F-EDF7E4F43BAA}.HuzuTech-Live|x86.ActiveCfg = HuzuTech-Live|Any CPU
		{25B06926-C3C3-4387-967F-EDF7E4F43BAA}.OUP-Dev|Any CPU.ActiveCfg = OUP-Dev|Any CPU
		{25B06926-C3C3-4387-967F-EDF7E4F43BAA}.OUP-Dev|Any CPU.Build.0 = OUP-Dev|Any CPU
		{25B06926-C3C3-4387-967F-EDF7E4F43BAA}.OUP-Dev|x86.ActiveCfg = OUP-Dev|Any CPU
		{25B06926-C3C3-4387-967F-EDF7E4F43BAA}.OUP-Test|Any CPU.ActiveCfg = OUP-Test|Any CPU
		{25B06926-C3C3-4387-967F-EDF7E4F43BAA}.OUP-Test|Any CPU.Build.0 = OUP-Test|Any CPU
		{25B06926-C3C3-4387-967F-EDF7E4F43BAA}.OUP-Test|x86.ActiveCfg = OUP-Test|Any CPU
		{25B06926-C3C3-4387-967F-EDF7E4F43BAA}.Paperman-Dev|Any CPU.ActiveCfg = Paperman-Dev|Any CPU
		{25B06926-C3C3-4387-967F-EDF7E4F43BAA}.Paperman-Dev|Any CPU.Build.0 = Paperman-Dev|Any CPU
		{25B06926-C3C3-4387-967F-EDF7E4F43BAA}.Paperman-Dev|x86.ActiveCfg = Paperman-Dev|Any CPU
		{25B06926-C3C3-4387-967F-EDF7E4F43BAA}.Release|Any CPU.ActiveCfg = Release|Any CPU
		{25B06926-C3C3-4387-967F-EDF7E4F43BAA}.Release|Any CPU.Build.0 = Release|Any CPU
		{25B06926-C3C3-4387-967F-EDF7E4F43BAA}.Release|x86.ActiveCfg = Release|Any CPU
		{25B06926-C3C3-4387-967F-EDF7E4F43BAA}.Scholastic-Live|Any CPU.ActiveCfg = Scholastic-Live|Any CPU
		{25B06926-C3C3-4387-967F-EDF7E4F43BAA}.Scholastic-Live|Any CPU.Build.0 = Scholastic-Live|Any CPU
		{25B06926-C3C3-4387-967F-EDF7E4F43BAA}.Scholastic-Live|x86.ActiveCfg = Scholastic-Live|Any CPU
		{25B06926-C3C3-4387-967F-EDF7E4F43BAA}.SmallPotatoes-Dev|Any CPU.ActiveCfg = SmallPotatoes-Dev|Any CPU
		{25B06926-C3C3-4387-967F-EDF7E4F43BAA}.SmallPotatoes-Dev|Any CPU.Build.0 = SmallPotatoes-Dev|Any CPU
		{25B06926-C3C3-4387-967F-EDF7E4F43BAA}.SmallPotatoes-Dev|x86.ActiveCfg = SmallPotatoes-Dev|Any CPU
		{25B06926-C3C3-4387-967F-EDF7E4F43BAA}.SmallPotatoes-Test|Any CPU.ActiveCfg = SmallPotatoes-Test|Any CPU
		{25B06926-C3C3-4387-967F-EDF7E4F43BAA}.SmallPotatoes-Test|Any CPU.Build.0 = SmallPotatoes-Test|Any CPU
		{25B06926-C3C3-4387-967F-EDF7E4F43BAA}.SmallPotatoes-Test|x86.ActiveCfg = SmallPotatoes-Test|Any CPU
		{BACB2AEA-B6C3-4115-B69A-C40A0D95FBD7}.AutomatedRelease|Any CPU.ActiveCfg = Release|Any CPU
		{BACB2AEA-B6C3-4115-B69A-C40A0D95FBD7}.AutomatedRelease|Any CPU.Build.0 = Release|Any CPU
		{BACB2AEA-B6C3-4115-B69A-C40A0D95FBD7}.AutomatedRelease|x86.ActiveCfg = Release|Any CPU
		{BACB2AEA-B6C3-4115-B69A-C40A0D95FBD7}.Debug|Any CPU.ActiveCfg = Debug|Any CPU
		{BACB2AEA-B6C3-4115-B69A-C40A0D95FBD7}.Debug|Any CPU.Build.0 = Debug|Any CPU
		{BACB2AEA-B6C3-4115-B69A-C40A0D95FBD7}.Debug|x86.ActiveCfg = Debug|Any CPU
		{BACB2AEA-B6C3-4115-B69A-C40A0D95FBD7}.GfkDocs-Dev|Any CPU.ActiveCfg = Release|Any CPU
		{BACB2AEA-B6C3-4115-B69A-C40A0D95FBD7}.GfkDocs-Dev|Any CPU.Build.0 = Release|Any CPU
		{BACB2AEA-B6C3-4115-B69A-C40A0D95FBD7}.GfkDocs-Dev|x86.ActiveCfg = Release|Any CPU
		{BACB2AEA-B6C3-4115-B69A-C40A0D95FBD7}.GfkDocs-Live|Any CPU.ActiveCfg = Release|Any CPU
		{BACB2AEA-B6C3-4115-B69A-C40A0D95FBD7}.GfkDocs-Live|Any CPU.Build.0 = Release|Any CPU
		{BACB2AEA-B6C3-4115-B69A-C40A0D95FBD7}.GfkDocs-Live|x86.ActiveCfg = Release|Any CPU
		{BACB2AEA-B6C3-4115-B69A-C40A0D95FBD7}.GfkDocs-Test|Any CPU.ActiveCfg = Release|Any CPU
		{BACB2AEA-B6C3-4115-B69A-C40A0D95FBD7}.GfkDocs-Test|Any CPU.Build.0 = Release|Any CPU
		{BACB2AEA-B6C3-4115-B69A-C40A0D95FBD7}.GfkDocs-Test|x86.ActiveCfg = Release|Any CPU
		{BACB2AEA-B6C3-4115-B69A-C40A0D95FBD7}.HuzuTech-Dev|Any CPU.ActiveCfg = Release|Any CPU
		{BACB2AEA-B6C3-4115-B69A-C40A0D95FBD7}.HuzuTech-Dev|Any CPU.Build.0 = Release|Any CPU
		{BACB2AEA-B6C3-4115-B69A-C40A0D95FBD7}.HuzuTech-Dev|x86.ActiveCfg = Release|Any CPU
		{BACB2AEA-B6C3-4115-B69A-C40A0D95FBD7}.HuzuTech-Live|Any CPU.ActiveCfg = Release|Any CPU
		{BACB2AEA-B6C3-4115-B69A-C40A0D95FBD7}.HuzuTech-Live|Any CPU.Build.0 = Release|Any CPU
		{BACB2AEA-B6C3-4115-B69A-C40A0D95FBD7}.HuzuTech-Live|x86.ActiveCfg = Release|Any CPU
		{BACB2AEA-B6C3-4115-B69A-C40A0D95FBD7}.OUP-Dev|Any CPU.ActiveCfg = Release|Any CPU
		{BACB2AEA-B6C3-4115-B69A-C40A0D95FBD7}.OUP-Dev|Any CPU.Build.0 = Release|Any CPU
		{BACB2AEA-B6C3-4115-B69A-C40A0D95FBD7}.OUP-Dev|x86.ActiveCfg = Release|Any CPU
		{BACB2AEA-B6C3-4115-B69A-C40A0D95FBD7}.OUP-Test|Any CPU.ActiveCfg = Release|Any CPU
		{BACB2AEA-B6C3-4115-B69A-C40A0D95FBD7}.OUP-Test|Any CPU.Build.0 = Release|Any CPU
		{BACB2AEA-B6C3-4115-B69A-C40A0D95FBD7}.OUP-Test|x86.ActiveCfg = Release|Any CPU
		{BACB2AEA-B6C3-4115-B69A-C40A0D95FBD7}.Paperman-Dev|Any CPU.ActiveCfg = Release|Any CPU
		{BACB2AEA-B6C3-4115-B69A-C40A0D95FBD7}.Paperman-Dev|Any CPU.Build.0 = Release|Any CPU
		{BACB2AEA-B6C3-4115-B69A-C40A0D95FBD7}.Paperman-Dev|x86.ActiveCfg = Release|Any CPU
		{BACB2AEA-B6C3-4115-B69A-C40A0D95FBD7}.Release|Any CPU.ActiveCfg = Release|Any CPU
		{BACB2AEA-B6C3-4115-B69A-C40A0D95FBD7}.Release|Any CPU.Build.0 = Release|Any CPU
		{BACB2AEA-B6C3-4115-B69A-C40A0D95FBD7}.Release|x86.ActiveCfg = Release|Any CPU
		{BACB2AEA-B6C3-4115-B69A-C40A0D95FBD7}.Scholastic-Live|Any CPU.ActiveCfg = Release|Any CPU
		{BACB2AEA-B6C3-4115-B69A-C40A0D95FBD7}.Scholastic-Live|Any CPU.Build.0 = Release|Any CPU
		{BACB2AEA-B6C3-4115-B69A-C40A0D95FBD7}.Scholastic-Live|x86.ActiveCfg = Release|Any CPU
		{BACB2AEA-B6C3-4115-B69A-C40A0D95FBD7}.SmallPotatoes-Dev|Any CPU.ActiveCfg = Release|Any CPU
		{BACB2AEA-B6C3-4115-B69A-C40A0D95FBD7}.SmallPotatoes-Dev|Any CPU.Build.0 = Release|Any CPU
		{BACB2AEA-B6C3-4115-B69A-C40A0D95FBD7}.SmallPotatoes-Dev|x86.ActiveCfg = Release|Any CPU
		{BACB2AEA-B6C3-4115-B69A-C40A0D95FBD7}.SmallPotatoes-Test|Any CPU.ActiveCfg = Release|Any CPU
		{BACB2AEA-B6C3-4115-B69A-C40A0D95FBD7}.SmallPotatoes-Test|Any CPU.Build.0 = Release|Any CPU
		{BACB2AEA-B6C3-4115-B69A-C40A0D95FBD7}.SmallPotatoes-Test|x86.ActiveCfg = Release|Any CPU
	EndGlobalSection
	GlobalSection(SolutionProperties) = preSolution
		HideSolutionNode = FALSE
	EndGlobalSection
	GlobalSection(NestedProjects) = preSolution
		{CB468AD6-60C2-42E9-B3B0-01968EF94C65} = {CB10ADAF-FB42-457B-ADFE-7CF866C5DA6E}
		{664C7334-B44B-4D62-A0F8-063805D630AA} = {CB10ADAF-FB42-457B-ADFE-7CF866C5DA6E}
		{C2B629E5-9394-48DA-A9E8-4999B398F37E} = {CB10ADAF-FB42-457B-ADFE-7CF866C5DA6E}
		{97849F97-BD7D-453B-B0CF-6CD922BB1596} = {CB10ADAF-FB42-457B-ADFE-7CF866C5DA6E}
		{FD9410F9-6FEA-47F7-A78E-B4F6FB0539B8} = {C17FACD1-2740-44B5-8E6E-B7FF0D54CA40}
		{5DFD1A3B-7258-4C05-88F9-02A1EA3F5D9C} = {D264186F-3ED6-482D-8E1A-F41C2F83C711}
		{25B06926-C3C3-4387-967F-EDF7E4F43BAA} = {D264186F-3ED6-482D-8E1A-F41C2F83C711}
		{BACB2AEA-B6C3-4115-B69A-C40A0D95FBD7} = {D264186F-3ED6-482D-8E1A-F41C2F83C711}
		{61F1CBE8-A3C1-4153-84E3-4CA3E0E23ACD} = {0088DBCC-C3AE-45DC-88A8-DF1E6B5AC5BC}
		{F81E3EAB-CD44-4B55-A0EC-16F05CB45413} = {61F1CBE8-A3C1-4153-84E3-4CA3E0E23ACD}
	EndGlobalSection
EndGlobal
